# THIS IS AN AUTOGENERATED FILE. DO NOT EDIT THIS FILE DIRECTLY.
# yarn lockfile v1


"@algolia/autocomplete-core@1.5.0":
  version "1.5.0"
  resolved "https://registry.yarnpkg.com/@algolia/autocomplete-core/-/autocomplete-core-1.5.0.tgz#6c91c9de7748e9c103846828a58dfe92bd4d6689"
  integrity sha512-E7+VJwcvwMM8vPeaVn7fNUgix8WHV8A1WUeHDi2KHemCaaGc8lvUnP3QnvhMxiDhTe7OpMEv4o2TBUMyDgThaw==
  dependencies:
    "@algolia/autocomplete-shared" "1.5.0"

"@algolia/autocomplete-preset-algolia@1.5.0":
  version "1.5.0"
  resolved "https://registry.yarnpkg.com/@algolia/autocomplete-preset-algolia/-/autocomplete-preset-algolia-1.5.0.tgz#61671f09c0c77133d9baf1356719f8378c48437a"
  integrity sha512-iiFxKERGHkvkiupmrFJbvESpP/zv5jSgH714XRiP5LDvUHaYOo4GLAwZCFf2ef/L5tdtPBARvekn6k1Xf33gjA==
  dependencies:
    "@algolia/autocomplete-shared" "1.5.0"

"@algolia/autocomplete-shared@1.5.0":
  version "1.5.0"
  resolved "https://registry.yarnpkg.com/@algolia/autocomplete-shared/-/autocomplete-shared-1.5.0.tgz#09580bc89408a2ab5f29e312120dad68f58019bd"
  integrity sha512-bRSkqHHHSwZYbFY3w9hgMyQRm86Wz27bRaGCbNldLfbk0zUjApmE4ajx+ZCVSLqxvcUEjMqZFJzDsder12eKsg==

"@algolia/cache-browser-local-storage@4.12.1":
  version "4.12.1"
  resolved "https://registry.yarnpkg.com/@algolia/cache-browser-local-storage/-/cache-browser-local-storage-4.12.1.tgz#23f4f219963b96918d0524acd09d4d646541d888"
  integrity sha512-ERFFOnC9740xAkuO0iZTQqm2AzU7Dpz/s+g7o48GlZgx5p9GgNcsuK5eS0GoW/tAK+fnKlizCtlFHNuIWuvfsg==
  dependencies:
    "@algolia/cache-common" "4.12.1"

"@algolia/cache-common@4.12.1":
  version "4.12.1"
  resolved "https://registry.yarnpkg.com/@algolia/cache-common/-/cache-common-4.12.1.tgz#d3f1676ca9c404adce0f78d68f6381bedb44cd9c"
  integrity sha512-UugTER3V40jT+e19Dmph5PKMeliYKxycNPwrPNADin0RcWNfT2QksK9Ff2N2W7UKraqMOzoeDb4LAJtxcK1a8Q==

"@algolia/cache-in-memory@4.12.1":
  version "4.12.1"
  resolved "https://registry.yarnpkg.com/@algolia/cache-in-memory/-/cache-in-memory-4.12.1.tgz#0ef6aac2f8feab5b46fc130beb682bbd21b55244"
  integrity sha512-U6iaunaxK1lHsAf02UWF58foKFEcrVLsHwN56UkCtwn32nlP9rz52WOcHsgk6TJrL8NDcO5swMjtOQ5XHESFLw==
  dependencies:
    "@algolia/cache-common" "4.12.1"

"@algolia/client-account@4.12.1":
  version "4.12.1"
  resolved "https://registry.yarnpkg.com/@algolia/client-account/-/client-account-4.12.1.tgz#e838c9283db2fab32a425dd13c77da321d48fd8b"
  integrity sha512-jGo4ConJNoMdTCR2zouO0jO/JcJmzOK6crFxMMLvdnB1JhmMbuIKluOTJVlBWeivnmcsqb7r0v7qTCPW5PAyxQ==
  dependencies:
    "@algolia/client-common" "4.12.1"
    "@algolia/client-search" "4.12.1"
    "@algolia/transporter" "4.12.1"

"@algolia/client-analytics@4.12.1":
  version "4.12.1"
  resolved "https://registry.yarnpkg.com/@algolia/client-analytics/-/client-analytics-4.12.1.tgz#2976d658655a1590cf84cfb596aa75a204f6dec4"
  integrity sha512-h1It7KXzIthlhuhfBk7LteYq72tym9maQDUsyRW0Gft8b6ZQahnRak9gcCvKwhcJ1vJoP7T7JrNYGiYSicTD9g==
  dependencies:
    "@algolia/client-common" "4.12.1"
    "@algolia/client-search" "4.12.1"
    "@algolia/requester-common" "4.12.1"
    "@algolia/transporter" "4.12.1"

"@algolia/client-common@4.12.1":
  version "4.12.1"
  resolved "https://registry.yarnpkg.com/@algolia/client-common/-/client-common-4.12.1.tgz#104ccefe96bda3ff926bc70c31ff6d17c41b6107"
  integrity sha512-obnJ8eSbv+h94Grk83DTGQ3bqhViSWureV6oK1s21/KMGWbb3DkduHm+lcwFrMFkjSUSzosLBHV9EQUIBvueTw==
  dependencies:
    "@algolia/requester-common" "4.12.1"
    "@algolia/transporter" "4.12.1"

"@algolia/client-personalization@4.12.1":
  version "4.12.1"
  resolved "https://registry.yarnpkg.com/@algolia/client-personalization/-/client-personalization-4.12.1.tgz#f63d1890f95de850e1c8e41c1d57adda521d9e7f"
  integrity sha512-sMSnjjPjRgByGHYygV+5L/E8a6RgU7l2GbpJukSzJ9GRY37tHmBHuvahv8JjdCGJ2p7QDYLnQy5bN5Z02qjc7Q==
  dependencies:
    "@algolia/client-common" "4.12.1"
    "@algolia/requester-common" "4.12.1"
    "@algolia/transporter" "4.12.1"

"@algolia/client-search@4.12.1":
  version "4.12.1"
  resolved "https://registry.yarnpkg.com/@algolia/client-search/-/client-search-4.12.1.tgz#fcd7a974be5d39d5c336d7f2e89577ffa66aefdd"
  integrity sha512-MwwKKprfY6X2nJ5Ki/ccXM2GDEePvVjZnnoOB2io3dLKW4fTqeSRlC5DRXeFD7UM0vOPPHr4ItV2aj19APKNVQ==
  dependencies:
    "@algolia/client-common" "4.12.1"
    "@algolia/requester-common" "4.12.1"
    "@algolia/transporter" "4.12.1"

"@algolia/logger-common@4.12.1":
  version "4.12.1"
  resolved "https://registry.yarnpkg.com/@algolia/logger-common/-/logger-common-4.12.1.tgz#d6501b4d9d242956257ba8e10f6b4bbf6863baa4"
  integrity sha512-fCgrzlXGATNqdFTxwx0GsyPXK+Uqrx1SZ3iuY2VGPPqdt1a20clAG2n2OcLHJpvaa6vMFPlJyWvbqAgzxdxBlQ==

"@algolia/logger-console@4.12.1":
  version "4.12.1"
  resolved "https://registry.yarnpkg.com/@algolia/logger-console/-/logger-console-4.12.1.tgz#841edd39dd5c5530a69fc66084bfee3254dd0807"
  integrity sha512-0owaEnq/davngQMYqxLA4KrhWHiXujQ1CU3FFnyUcMyBR7rGHI48zSOUpqnsAXrMBdSH6rH5BDkSUUFwsh8RkQ==
  dependencies:
    "@algolia/logger-common" "4.12.1"

"@algolia/requester-browser-xhr@4.12.1":
  version "4.12.1"
  resolved "https://registry.yarnpkg.com/@algolia/requester-browser-xhr/-/requester-browser-xhr-4.12.1.tgz#2d0c18ee188d7cae0e4a930e5e89989e3c4a816b"
  integrity sha512-OaMxDyG0TZG0oqz1lQh9e3woantAG1bLnuwq3fmypsrQxra4IQZiyn1x+kEb69D2TcXApI5gOgrD4oWhtEVMtw==
  dependencies:
    "@algolia/requester-common" "4.12.1"

"@algolia/requester-common@4.12.1":
  version "4.12.1"
  resolved "https://registry.yarnpkg.com/@algolia/requester-common/-/requester-common-4.12.1.tgz#95bb6539da7199da3e205341cea8f27267f7af29"
  integrity sha512-XWIrWQNJ1vIrSuL/bUk3ZwNMNxl+aWz6dNboRW6+lGTcMIwc3NBFE90ogbZKhNrFRff8zI4qCF15tjW+Fyhpow==

"@algolia/requester-node-http@4.12.1":
  version "4.12.1"
  resolved "https://registry.yarnpkg.com/@algolia/requester-node-http/-/requester-node-http-4.12.1.tgz#c9df97ff1daa7e58c5c2b1f28cf7163005edccb0"
  integrity sha512-awBtwaD+s0hxkA1aehYn8F0t9wqGoBVWgY4JPHBmp1ChO3pK7RKnnvnv7QQa9vTlllX29oPt/BBVgMo1Z3n1Qg==
  dependencies:
    "@algolia/requester-common" "4.12.1"

"@algolia/transporter@4.12.1":
  version "4.12.1"
  resolved "https://registry.yarnpkg.com/@algolia/transporter/-/transporter-4.12.1.tgz#61b9829916c474f42e2d4a6eada0d6c138379945"
  integrity sha512-BGeNgdEHc6dXIk2g8kdlOoQ6fQ6OIaKQcplEj7HPoi+XZUeAvRi3Pff3QWd7YmybWkjzd9AnTzieTASDWhL+sQ==
  dependencies:
    "@algolia/cache-common" "4.12.1"
    "@algolia/logger-common" "4.12.1"
    "@algolia/requester-common" "4.12.1"

"@babel/parser@^7.16.4":
  version "7.16.12"
  resolved "https://registry.yarnpkg.com/@babel/parser/-/parser-7.16.12.tgz#9474794f9a650cf5e2f892444227f98e28cdf8b6"
  integrity sha512-VfaV15po8RiZssrkPweyvbGVSe4x2y+aciFCgn0n0/SJMR22cwofRV1mtnJQYcSB1wUTaA/X1LnA3es66MCO5A==

"@docsearch/css@3.0.0-alpha.42", "@docsearch/css@^3.0.0-alpha.41":
  version "3.0.0-alpha.42"
  resolved "https://registry.yarnpkg.com/@docsearch/css/-/css-3.0.0-alpha.42.tgz#deb6049e999d6ca9451eba4793cb5b6da28c8773"
  integrity sha512-AGwI2AXUacYhVOHmYnsXoYDJKO6Ued2W+QO80GERbMLhC7GH5tfvtW5REs/s7jSdcU3vzFoxT8iPDBCh/PkrlQ==

"@docsearch/js@^3.0.0-alpha.41":
  version "3.0.0-alpha.42"
  resolved "https://registry.yarnpkg.com/@docsearch/js/-/js-3.0.0-alpha.42.tgz#3cef648da141994c8bb1d0f13afbdb0a1e9d8daa"
  integrity sha512-8rxxsvFKS5GzDX2MYMETeib4EOwAkoxVUHFP5R4tSENXojhuCEy3np+k3Q0c9WPT+MUmWLxKJab5jyl0jmaeBQ==
  dependencies:
    "@docsearch/react" "3.0.0-alpha.42"
    preact "^10.0.0"

"@docsearch/react@3.0.0-alpha.42":
  version "3.0.0-alpha.42"
  resolved "https://registry.yarnpkg.com/@docsearch/react/-/react-3.0.0-alpha.42.tgz#1d22a2b05779f24d090ff8d7ff2699e4d50dff5c"
  integrity sha512-1aOslZJDxwUUcm2QRNmlEePUgL8P5fOAeFdOLDMctHQkV2iTja9/rKVbkP8FZbIUnZxuuCCn8ErLrjD/oXWOag==
  dependencies:
    "@algolia/autocomplete-core" "1.5.0"
    "@algolia/autocomplete-preset-algolia" "1.5.0"
    "@docsearch/css" "3.0.0-alpha.42"
    algoliasearch "^4.0.0"

"@vitejs/plugin-vue@^2.0.0":
  version "2.1.0"
  resolved "https://registry.yarnpkg.com/@vitejs/plugin-vue/-/plugin-vue-2.1.0.tgz#ddf5e0059f84f2ff649afc25ce5a59211e670542"
  integrity sha512-AZ78WxvFMYd8JmM/GBV6a6SGGTU0GgN/0/4T+FnMMsLzFEzTeAUwuraapy50ifHZsC+G5SvWs86bvaCPTneFlA==

"@vue/compiler-core@3.2.29":
  version "3.2.29"
  resolved "https://registry.yarnpkg.com/@vue/compiler-core/-/compiler-core-3.2.29.tgz#b06097ab8ff0493177c68c5ea5b63d379a061097"
  integrity sha512-RePZ/J4Ub3sb7atQw6V6Rez+/5LCRHGFlSetT3N4VMrejqJnNPXKUt5AVm/9F5MJriy2w/VudEIvgscCfCWqxw==
  dependencies:
    "@babel/parser" "^7.16.4"
    "@vue/shared" "3.2.29"
    estree-walker "^2.0.2"
    source-map "^0.6.1"

"@vue/compiler-dom@3.2.29":
  version "3.2.29"
  resolved "https://registry.yarnpkg.com/@vue/compiler-dom/-/compiler-dom-3.2.29.tgz#ad0ead405bd2f2754161335aad9758aa12430715"
  integrity sha512-y26vK5khdNS9L3ckvkqJk/78qXwWb75Ci8iYLb67AkJuIgyKhIOcR1E8RIt4mswlVCIeI9gQ+fmtdhaiTAtrBQ==
  dependencies:
    "@vue/compiler-core" "3.2.29"
    "@vue/shared" "3.2.29"

"@vue/compiler-sfc@3.2.29":
  version "3.2.29"
  resolved "https://registry.yarnpkg.com/@vue/compiler-sfc/-/compiler-sfc-3.2.29.tgz#f76d556cd5fca6a55a3ea84c88db1a2a53a36ead"
  integrity sha512-X9+0dwsag2u6hSOP/XsMYqFti/edvYvxamgBgCcbSYuXx1xLZN+dS/GvQKM4AgGS4djqo0jQvWfIXdfZ2ET68g==
  dependencies:
    "@babel/parser" "^7.16.4"
    "@vue/compiler-core" "3.2.29"
    "@vue/compiler-dom" "3.2.29"
    "@vue/compiler-ssr" "3.2.29"
    "@vue/reactivity-transform" "3.2.29"
    "@vue/shared" "3.2.29"
    estree-walker "^2.0.2"
    magic-string "^0.25.7"
    postcss "^8.1.10"
    source-map "^0.6.1"

"@vue/compiler-ssr@3.2.29":
  version "3.2.29"
  resolved "https://registry.yarnpkg.com/@vue/compiler-ssr/-/compiler-ssr-3.2.29.tgz#37b15b32dcd2f6b410bb61fca3f37b1a92b7eb1e"
  integrity sha512-LrvQwXlx66uWsB9/VydaaqEpae9xtmlUkeSKF6aPDbzx8M1h7ukxaPjNCAXuFd3fUHblcri8k42lfimHfzMICA==
  dependencies:
    "@vue/compiler-dom" "3.2.29"
    "@vue/shared" "3.2.29"

"@vue/reactivity-transform@3.2.29":
  version "3.2.29"
  resolved "https://registry.yarnpkg.com/@vue/reactivity-transform/-/reactivity-transform-3.2.29.tgz#a08d606e10016b7cf588d1a43dae4db2953f9354"
  integrity sha512-YF6HdOuhdOw6KyRm59+3rML8USb9o8mYM1q+SH0G41K3/q/G7uhPnHGKvspzceD7h9J3VR1waOQ93CUZj7J7OA==
  dependencies:
    "@babel/parser" "^7.16.4"
    "@vue/compiler-core" "3.2.29"
    "@vue/shared" "3.2.29"
    estree-walker "^2.0.2"
    magic-string "^0.25.7"

"@vue/reactivity@3.2.29":
  version "3.2.29"
  resolved "https://registry.yarnpkg.com/@vue/reactivity/-/reactivity-3.2.29.tgz#afdc9c111d4139b14600be17ad80267212af6052"
  integrity sha512-Ryhb6Gy62YolKXH1gv42pEqwx7zs3n8gacRVZICSgjQz8Qr8QeCcFygBKYfJm3o1SccR7U+bVBQDWZGOyG1k4g==
  dependencies:
    "@vue/shared" "3.2.29"

"@vue/runtime-core@3.2.29":
  version "3.2.29"
  resolved "https://registry.yarnpkg.com/@vue/runtime-core/-/runtime-core-3.2.29.tgz#fb8577b2fcf52e8d967bd91cdf49ab9fb91f9417"
  integrity sha512-VMvQuLdzoTGmCwIKTKVwKmIL0qcODIqe74JtK1pVr5lnaE0l25hopodmPag3RcnIcIXe+Ye3B2olRCn7fTCgig==
  dependencies:
    "@vue/reactivity" "3.2.29"
    "@vue/shared" "3.2.29"

"@vue/runtime-dom@3.2.29":
  version "3.2.29"
  resolved "https://registry.yarnpkg.com/@vue/runtime-dom/-/runtime-dom-3.2.29.tgz#35e9a2bf04ef80b86ac2ca0e7b2ceaccf1e18f01"
  integrity sha512-YJgLQLwr+SQyORzTsBQLL5TT/5UiV83tEotqjL7F9aFDIQdFBTCwpkCFvX9jqwHoyi9sJqM9XtTrMcc8z/OjPA==
  dependencies:
    "@vue/runtime-core" "3.2.29"
    "@vue/shared" "3.2.29"
    csstype "^2.6.8"

"@vue/server-renderer@3.2.29":
  version "3.2.29"
  resolved "https://registry.yarnpkg.com/@vue/server-renderer/-/server-renderer-3.2.29.tgz#ea6afa361b9c781a868c8da18c761f9b7bc89102"
  integrity sha512-lpiYx7ciV7rWfJ0tPkoSOlLmwqBZ9FTmQm33S+T4g0j1fO/LmhJ9b9Ctl1o5xvIFVDk9QkSUWANZn7H2pXuxVw==
  dependencies:
    "@vue/compiler-ssr" "3.2.29"
    "@vue/shared" "3.2.29"

"@vue/shared@3.2.29":
  version "3.2.29"
  resolved "https://registry.yarnpkg.com/@vue/shared/-/shared-3.2.29.tgz#07dac7051117236431d2f737d16932aa38bbb925"
  integrity sha512-BjNpU8OK6Z0LVzGUppEk0CMYm/hKDnZfYdjSmPOs0N+TR1cLKJAkDwW8ASZUvaaSLEi6d3hVM7jnWnX+6yWnHw==

"@vue/theme@^1.0.1":
  version "1.0.1"
  resolved "https://registry.yarnpkg.com/@vue/theme/-/theme-1.0.1.tgz#432ce9057f2a55a38bebd29535e91f763e71dc86"
  integrity sha512-yVynG5l1BNAh8eQCGg19cyt5TMcbqQCAErT/XZUJOjVT4FjGK1ofGc3wUnDan1JSRF2WNBLOLZHwjc5dJy1Haw==
  dependencies:
    "@docsearch/css" "^3.0.0-alpha.41"
    "@docsearch/js" "^3.0.0-alpha.41"
    "@vueuse/core" "^7.3.0"
    body-scroll-lock "^3.1.5"
    normalize.css "^8.0.1"
    shiki "^0.9.15"

"@vueuse/core@^7.3.0":
  version "7.7.1"
  resolved "https://registry.yarnpkg.com/@vueuse/core/-/core-7.7.1.tgz#fc284f4103de73c7fb79bc06579d8066790db511"
  integrity sha512-PRRgbATMpoeUmkCEBtUeJgOwtew8s+4UsEd+Pm7MhkjL2ihCNrSqxNVtM6NFE4uP2sWnkGcZpCjPuNSxowJ1Ow==
  dependencies:
    "@vueuse/shared" "7.7.1"
    vue-demi "*"

"@vueuse/shared@7.7.1":
  version "7.7.1"
  resolved "https://registry.yarnpkg.com/@vueuse/shared/-/shared-7.7.1.tgz#77e312de7275380efce86b0079bd7938791a076b"
  integrity sha512-rN2qd22AUl7VdBxihagWyhUNHCyVk9IpvBTTfHoLH9G7rGE552X1f+zeCfehuno0zXif13jPw+icW/wn2a0rnQ==
  dependencies:
    vue-demi "*"

algoliasearch@^4.0.0:
  version "4.12.1"
  resolved "https://registry.yarnpkg.com/algoliasearch/-/algoliasearch-4.12.1.tgz#574a2c5424c4b6681c026928fb810be2d2ec3924"
  integrity sha512-c0dM1g3zZBJrkzE5GA/Nu1y3fFxx3LCzxKzcmp2dgGS8P4CjszB/l3lsSh2MSrrK1Hn/KV4BlbBMXtYgG1Bfrw==
  dependencies:
    "@algolia/cache-browser-local-storage" "4.12.1"
    "@algolia/cache-common" "4.12.1"
    "@algolia/cache-in-memory" "4.12.1"
    "@algolia/client-account" "4.12.1"
    "@algolia/client-analytics" "4.12.1"
    "@algolia/client-common" "4.12.1"
    "@algolia/client-personalization" "4.12.1"
    "@algolia/client-search" "4.12.1"
    "@algolia/logger-common" "4.12.1"
    "@algolia/logger-console" "4.12.1"
    "@algolia/requester-browser-xhr" "4.12.1"
    "@algolia/requester-common" "4.12.1"
    "@algolia/requester-node-http" "4.12.1"
    "@algolia/transporter" "4.12.1"

balanced-match@^1.0.0:
  version "1.0.2"
  resolved "https://registry.yarnpkg.com/balanced-match/-/balanced-match-1.0.2.tgz#e83e3a7e3f300b34cb9d87f615fa0cbf357690ee"
  integrity sha512-3oSeUO0TMV67hN1AmbXsK4yaqU7tjiHlbxRDZOpH0KW9+CeX4bRAaX0Anxt0tx2MrpRpWwQaPwIlISEJhYU5Pw==

body-scroll-lock@^3.1.5:
  version "3.1.5"
  resolved "https://registry.yarnpkg.com/body-scroll-lock/-/body-scroll-lock-3.1.5.tgz#c1392d9217ed2c3e237fee1e910f6cdd80b7aaec"
  integrity sha512-Yi1Xaml0EvNA0OYWxXiYNqY24AfWkbA6w5vxE7GWxtKfzIbZM+Qw+aSmkgsbWzbHiy/RCSkUZBplVxTA+E4jJg==

brace-expansion@^1.1.7:
  version "1.1.11"
  resolved "https://registry.yarnpkg.com/brace-expansion/-/brace-expansion-1.1.11.tgz#3c7fcbf529d87226f3d2f52b966ff5271eb441dd"
  integrity sha512-iCuPHDFgrHX7H2vEI/5xpz07zSHB00TpugqhmYtVmMO6518mCuRMoOYFldEBl0g187ufozdaHgWKcYFb61qGiA==
  dependencies:
    balanced-match "^1.0.0"
    concat-map "0.0.1"

concat-map@0.0.1:
  version "0.0.1"
  resolved "https://registry.yarnpkg.com/concat-map/-/concat-map-0.0.1.tgz#d8a96bd77fd68df7793a73036a3ba0d5405d477b"
  integrity sha1-2Klr13/Wjfd5OnMDajug1UBdR3s=

csstype@^2.6.8:
  version "2.6.19"
  resolved "https://registry.yarnpkg.com/csstype/-/csstype-2.6.19.tgz#feeb5aae89020bb389e1f63669a5ed490e391caa"
  integrity sha512-ZVxXaNy28/k3kJg0Fou5MiYpp88j7H9hLZp8PDC3jV0WFjfH5E9xHb56L0W59cPbKbcHXeP4qyT8PrHp8t6LcQ==

esbuild-android-arm64@0.13.15:
  version "0.13.15"
  resolved "https://registry.yarnpkg.com/esbuild-android-arm64/-/esbuild-android-arm64-0.13.15.tgz#3fc3ff0bab76fe35dd237476b5d2b32bb20a3d44"
  integrity sha512-m602nft/XXeO8YQPUDVoHfjyRVPdPgjyyXOxZ44MK/agewFFkPa8tUo6lAzSWh5Ui5PB4KR9UIFTSBKh/RrCmg==

esbuild-darwin-64@0.13.15:
  version "0.13.15"
  resolved "https://registry.yarnpkg.com/esbuild-darwin-64/-/esbuild-darwin-64-0.13.15.tgz#8e9169c16baf444eacec60d09b24d11b255a8e72"
  integrity sha512-ihOQRGs2yyp7t5bArCwnvn2Atr6X4axqPpEdCFPVp7iUj4cVSdisgvEKdNR7yH3JDjW6aQDw40iQFoTqejqxvQ==

esbuild-darwin-arm64@0.13.15:
  version "0.13.15"
  resolved "https://registry.yarnpkg.com/esbuild-darwin-arm64/-/esbuild-darwin-arm64-0.13.15.tgz#1b07f893b632114f805e188ddfca41b2b778229a"
  integrity sha512-i1FZssTVxUqNlJ6cBTj5YQj4imWy3m49RZRnHhLpefFIh0To05ow9DTrXROTE1urGTQCloFUXTX8QfGJy1P8dQ==

esbuild-freebsd-64@0.13.15:
  version "0.13.15"
  resolved "https://registry.yarnpkg.com/esbuild-freebsd-64/-/esbuild-freebsd-64-0.13.15.tgz#0b8b7eca1690c8ec94c75680c38c07269c1f4a85"
  integrity sha512-G3dLBXUI6lC6Z09/x+WtXBXbOYQZ0E8TDBqvn7aMaOCzryJs8LyVXKY4CPnHFXZAbSwkCbqiPuSQ1+HhrNk7EA==

esbuild-freebsd-arm64@0.13.15:
  version "0.13.15"
  resolved "https://registry.yarnpkg.com/esbuild-freebsd-arm64/-/esbuild-freebsd-arm64-0.13.15.tgz#2e1a6c696bfdcd20a99578b76350b41db1934e52"
  integrity sha512-KJx0fzEDf1uhNOZQStV4ujg30WlnwqUASaGSFPhznLM/bbheu9HhqZ6mJJZM32lkyfGJikw0jg7v3S0oAvtvQQ==

esbuild-linux-32@0.13.15:
  version "0.13.15"
  resolved "https://registry.yarnpkg.com/esbuild-linux-32/-/esbuild-linux-32-0.13.15.tgz#6fd39f36fc66dd45b6b5f515728c7bbebc342a69"
  integrity sha512-ZvTBPk0YWCLMCXiFmD5EUtB30zIPvC5Itxz0mdTu/xZBbbHJftQgLWY49wEPSn2T/TxahYCRDWun5smRa0Tu+g==

esbuild-linux-64@0.13.15:
  version "0.13.15"
  resolved "https://registry.yarnpkg.com/esbuild-linux-64/-/esbuild-linux-64-0.13.15.tgz#9cb8e4bcd7574e67946e4ee5f1f1e12386bb6dd3"
  integrity sha512-eCKzkNSLywNeQTRBxJRQ0jxRCl2YWdMB3+PkWFo2BBQYC5mISLIVIjThNtn6HUNqua1pnvgP5xX0nHbZbPj5oA==

esbuild-linux-arm64@0.13.15:
  version "0.13.15"
  resolved "https://registry.yarnpkg.com/esbuild-linux-arm64/-/esbuild-linux-arm64-0.13.15.tgz#3891aa3704ec579a1b92d2a586122e5b6a2bfba1"
  integrity sha512-bYpuUlN6qYU9slzr/ltyLTR9YTBS7qUDymO8SV7kjeNext61OdmqFAzuVZom+OLW1HPHseBfJ/JfdSlx8oTUoA==

esbuild-linux-arm@0.13.15:
  version "0.13.15"
  resolved "https://registry.yarnpkg.com/esbuild-linux-arm/-/esbuild-linux-arm-0.13.15.tgz#8a00e99e6a0c6c9a6b7f334841364d8a2b4aecfe"
  integrity sha512-wUHttDi/ol0tD8ZgUMDH8Ef7IbDX+/UsWJOXaAyTdkT7Yy9ZBqPg8bgB/Dn3CZ9SBpNieozrPRHm0BGww7W/jA==

esbuild-linux-mips64le@0.13.15:
  version "0.13.15"
  resolved "https://registry.yarnpkg.com/esbuild-linux-mips64le/-/esbuild-linux-mips64le-0.13.15.tgz#36b07cc47c3d21e48db3bb1f4d9ef8f46aead4f7"
  integrity sha512-KlVjIG828uFPyJkO/8gKwy9RbXhCEUeFsCGOJBepUlpa7G8/SeZgncUEz/tOOUJTcWMTmFMtdd3GElGyAtbSWg==

esbuild-linux-ppc64le@0.13.15:
  version "0.13.15"
  resolved "https://registry.yarnpkg.com/esbuild-linux-ppc64le/-/esbuild-linux-ppc64le-0.13.15.tgz#f7e6bba40b9a11eb9dcae5b01550ea04670edad2"
  integrity sha512-h6gYF+OsaqEuBjeesTBtUPw0bmiDu7eAeuc2OEH9S6mV9/jPhPdhOWzdeshb0BskRZxPhxPOjqZ+/OqLcxQwEQ==

esbuild-netbsd-64@0.13.15:
  version "0.13.15"
  resolved "https://registry.yarnpkg.com/esbuild-netbsd-64/-/esbuild-netbsd-64-0.13.15.tgz#a2fedc549c2b629d580a732d840712b08d440038"
  integrity sha512-3+yE9emwoevLMyvu+iR3rsa+Xwhie7ZEHMGDQ6dkqP/ndFzRHkobHUKTe+NCApSqG5ce2z4rFu+NX/UHnxlh3w==

esbuild-openbsd-64@0.13.15:
  version "0.13.15"
  resolved "https://registry.yarnpkg.com/esbuild-openbsd-64/-/esbuild-openbsd-64-0.13.15.tgz#b22c0e5806d3a1fbf0325872037f885306b05cd7"
  integrity sha512-wTfvtwYJYAFL1fSs8yHIdf5GEE4NkbtbXtjLWjM3Cw8mmQKqsg8kTiqJ9NJQe5NX/5Qlo7Xd9r1yKMMkHllp5g==

esbuild-sunos-64@0.13.15:
  version "0.13.15"
  resolved "https://registry.yarnpkg.com/esbuild-sunos-64/-/esbuild-sunos-64-0.13.15.tgz#d0b6454a88375ee8d3964daeff55c85c91c7cef4"
  integrity sha512-lbivT9Bx3t1iWWrSnGyBP9ODriEvWDRiweAs69vI+miJoeKwHWOComSRukttbuzjZ8r1q0mQJ8Z7yUsDJ3hKdw==

esbuild-windows-32@0.13.15:
  version "0.13.15"
  resolved "https://registry.yarnpkg.com/esbuild-windows-32/-/esbuild-windows-32-0.13.15.tgz#c96d0b9bbb52f3303322582ef8e4847c5ad375a7"
  integrity sha512-fDMEf2g3SsJ599MBr50cY5ve5lP1wyVwTe6aLJsM01KtxyKkB4UT+fc5MXQFn3RLrAIAZOG+tHC+yXObpSn7Nw==

esbuild-windows-64@0.13.15:
  version "0.13.15"
  resolved "https://registry.yarnpkg.com/esbuild-windows-64/-/esbuild-windows-64-0.13.15.tgz#1f79cb9b1e1bb02fb25cd414cb90d4ea2892c294"
  integrity sha512-9aMsPRGDWCd3bGjUIKG/ZOJPKsiztlxl/Q3C1XDswO6eNX/Jtwu4M+jb6YDH9hRSUflQWX0XKAfWzgy5Wk54JQ==

esbuild-windows-arm64@0.13.15:
  version "0.13.15"
  resolved "https://registry.yarnpkg.com/esbuild-windows-arm64/-/esbuild-windows-arm64-0.13.15.tgz#482173070810df22a752c686509c370c3be3b3c3"
  integrity sha512-zzvyCVVpbwQQATaf3IG8mu1IwGEiDxKkYUdA4FpoCHi1KtPa13jeScYDjlW0Qh+ebWzpKfR2ZwvqAQkSWNcKjA==

esbuild@^0.13.12:
  version "0.13.15"
  resolved "https://registry.yarnpkg.com/esbuild/-/esbuild-0.13.15.tgz#db56a88166ee373f87dbb2d8798ff449e0450cdf"
  integrity sha512-raCxt02HBKv8RJxE8vkTSCXGIyKHdEdGfUmiYb8wnabnaEmHzyW7DCHb5tEN0xU8ryqg5xw54mcwnYkC4x3AIw==
  optionalDependencies:
    esbuild-android-arm64 "0.13.15"
    esbuild-darwin-64 "0.13.15"
    esbuild-darwin-arm64 "0.13.15"
    esbuild-freebsd-64 "0.13.15"
    esbuild-freebsd-arm64 "0.13.15"
    esbuild-linux-32 "0.13.15"
    esbuild-linux-64 "0.13.15"
    esbuild-linux-arm "0.13.15"
    esbuild-linux-arm64 "0.13.15"
    esbuild-linux-mips64le "0.13.15"
    esbuild-linux-ppc64le "0.13.15"
    esbuild-netbsd-64 "0.13.15"
    esbuild-openbsd-64 "0.13.15"
    esbuild-sunos-64 "0.13.15"
    esbuild-windows-32 "0.13.15"
    esbuild-windows-64 "0.13.15"
    esbuild-windows-arm64 "0.13.15"

estree-walker@^2.0.2:
  version "2.0.2"
  resolved "https://registry.yarnpkg.com/estree-walker/-/estree-walker-2.0.2.tgz#52f010178c2a4c117a7757cfe942adb7d2da4cac"
  integrity sha512-Rfkk/Mp/DL7JVje3u18FxFujQlTNR2q6QfMSMB7AvCBx91NGj/ba3kCfza0f6dVDbw7YlRf/nDrn7pQrCCyQ/w==

fs.realpath@^1.0.0:
  version "1.0.0"
  resolved "https://registry.yarnpkg.com/fs.realpath/-/fs.realpath-1.0.0.tgz#1504ad2523158caa40db4a2787cb01411994ea4f"
  integrity sha1-FQStJSMVjKpA20onh8sBQRmU6k8=

fsevents@~2.3.2:
  version "2.3.2"
  resolved "https://registry.yarnpkg.com/fsevents/-/fsevents-2.3.2.tgz#8a526f78b8fdf4623b709e0b975c52c24c02fd1a"
  integrity sha512-xiqMQR4xAeHTuB9uWm+fFRcIOgKBMiOBP+eXiyT7jsgVCq1bkVygt00oASowB7EdtpOHaaPgKt812P9ab+DDKA==

function-bind@^1.1.1:
  version "1.1.1"
  resolved "https://registry.yarnpkg.com/function-bind/-/function-bind-1.1.1.tgz#a56899d3ea3c9bab874bb9773b7c5ede92f4895d"
  integrity sha512-yIovAzMX49sF8Yl58fSCWJ5svSLuaibPxXQJFLmBObTuCr0Mf1KiPopGM9NiFjiYBCbfaa2Fh6breQ6ANVTI0A==

glob@^7.2.0:
  version "7.2.0"
  resolved "https://registry.yarnpkg.com/glob/-/glob-7.2.0.tgz#d15535af7732e02e948f4c41628bd910293f6023"
  integrity sha512-lmLf6gtyrPq8tTjSmrO94wBeQbFR3HbLHbuyD69wuyQkImp2hWqMGB47OX65FBkPffO641IP9jWa1z4ivqG26Q==
  dependencies:
    fs.realpath "^1.0.0"
    inflight "^1.0.4"
    inherits "2"
    minimatch "^3.0.4"
    once "^1.3.0"
    path-is-absolute "^1.0.0"

has@^1.0.3:
  version "1.0.3"
  resolved "https://registry.yarnpkg.com/has/-/has-1.0.3.tgz#722d7cbfc1f6aa8241f16dd814e011e1f41e8796"
  integrity sha512-f2dvO0VU6Oej7RkWJGrehjbzMAjFp5/VKPp5tTpWIV4JHHZK1/BxbFRtf/siA2SWTe09caDmVtYYzWEIbBS4zw==
  dependencies:
    function-bind "^1.1.1"

inflight@^1.0.4:
  version "1.0.6"
  resolved "https://registry.yarnpkg.com/inflight/-/inflight-1.0.6.tgz#49bd6331d7d02d0c09bc910a1075ba8165b56df9"
  integrity sha1-Sb1jMdfQLQwJvJEKEHW6gWW1bfk=
  dependencies:
    once "^1.3.0"
    wrappy "1"

inherits@2:
  version "2.0.4"
  resolved "https://registry.yarnpkg.com/inherits/-/inherits-2.0.4.tgz#0fa2c64f932917c3433a0ded55363aae37416b7c"
  integrity sha512-k/vGaX4/Yla3WzyMCvTQOXYeIHvqOKtnqBduzTHpzpQZzAskKMhZ2K+EnBiSM9zGSoIFeMpXKxa4dYeZIQqewQ==

is-core-module@^2.8.1:
  version "2.8.1"
  resolved "https://registry.yarnpkg.com/is-core-module/-/is-core-module-2.8.1.tgz#f59fdfca701d5879d0a6b100a40aa1560ce27211"
  integrity sha512-SdNCUs284hr40hFTFP6l0IfZ/RSrMXF3qgoRHd3/79unUTvrFO/JoXwkGm+5J/Oe3E/b5GsnG330uUNgRpu1PA==
  dependencies:
    has "^1.0.3"

jsonc-parser@^3.0.0:
  version "3.0.0"
  resolved "https://registry.yarnpkg.com/jsonc-parser/-/jsonc-parser-3.0.0.tgz#abdd785701c7e7eaca8a9ec8cf070ca51a745a22"
  integrity sha512-fQzRfAbIBnR0IQvftw9FJveWiHp72Fg20giDrHz6TdfB12UH/uue0D3hm57UB5KgAVuniLMCaS8P1IMj9NR7cA==

magic-string@^0.25.7:
  version "0.25.7"
  resolved "https://registry.yarnpkg.com/magic-string/-/magic-string-0.25.7.tgz#3f497d6fd34c669c6798dcb821f2ef31f5445051"
  integrity sha512-4CrMT5DOHTDk4HYDlzmwu4FVCcIYI8gauveasrdCu2IKIFOJ3f0v/8MDGJCDL9oD2ppz/Av1b0Nj345H9M+XIA==
  dependencies:
    sourcemap-codec "^1.4.4"

minimatch@^3.0.4:
  version "3.0.4"
  resolved "https://registry.yarnpkg.com/minimatch/-/minimatch-3.0.4.tgz#5166e286457f03306064be5497e8dbb0c3d32083"
  integrity sha512-yJHVQEhyqPLUTgt9B83PXu6W3rx4MvvHvSUvToogpwoGDOUQ+yDrR0HRot+yOCdCO7u4hX3pWft6kWBBcqh0UA==
  dependencies:
    brace-expansion "^1.1.7"

nanoid@^3.1.30:
  version "3.2.0"
  resolved "https://registry.yarnpkg.com/nanoid/-/nanoid-3.2.0.tgz#62667522da6673971cca916a6d3eff3f415ff80c"
  integrity sha512-fmsZYa9lpn69Ad5eDn7FMcnnSR+8R34W9qJEijxYhTbfOWzr22n1QxCMzXLK+ODyW2973V3Fux959iQoUxzUIA==

normalize.css@^8.0.1:
  version "8.0.1"
  resolved "https://registry.yarnpkg.com/normalize.css/-/normalize.css-8.0.1.tgz#9b98a208738b9cc2634caacbc42d131c97487bf3"
  integrity sha512-qizSNPO93t1YUuUhP22btGOo3chcvDFqFaj2TRybP0DMxkHOCTYwp3n34fel4a31ORXy4m1Xq0Gyqpb5m33qIg==

once@^1.3.0:
  version "1.4.0"
  resolved "https://registry.yarnpkg.com/once/-/once-1.4.0.tgz#583b1aa775961d4b113ac17d9c50baef9dd76bd1"
  integrity sha1-WDsap3WWHUsROsF9nFC6753Xa9E=
  dependencies:
    wrappy "1"

path-is-absolute@^1.0.0:
  version "1.0.1"
  resolved "https://registry.yarnpkg.com/path-is-absolute/-/path-is-absolute-1.0.1.tgz#174b9268735534ffbc7ace6bf53a5a9e1b5c5f5f"
  integrity sha1-F0uSaHNVNP+8es5r9TpanhtcX18=

path-parse@^1.0.7:
  version "1.0.7"
  resolved "https://registry.yarnpkg.com/path-parse/-/path-parse-1.0.7.tgz#fbc114b60ca42b30d9daf5858e4bd68bbedb6735"
  integrity sha512-LDJzPVEEEPR+y48z93A0Ed0yXb8pAByGWo/k5YYdYgpY2/2EsOsksJrq7lOHxryrVOn1ejG6oAp8ahvOIQD8sw==

picocolors@^1.0.0:
  version "1.0.0"
  resolved "https://registry.yarnpkg.com/picocolors/-/picocolors-1.0.0.tgz#cb5bdc74ff3f51892236eaf79d68bc44564ab81c"
  integrity sha512-1fygroTLlHu66zi26VoTDv8yRgm0Fccecssto+MhsZ0D/DGW2sm8E8AjW7NU5VVTRt5GxbeZ5qBuJr+HyLYkjQ==

postcss@^8.1.10, postcss@^8.4.5:
  version "8.4.5"
  resolved "https://registry.yarnpkg.com/postcss/-/postcss-8.4.5.tgz#bae665764dfd4c6fcc24dc0fdf7e7aa00cc77f95"
  integrity sha512-jBDboWM8qpaqwkMwItqTQTiFikhs/67OYVvblFFTM7MrZjt6yMKd6r2kgXizEbTTljacm4NldIlZnhbjr84QYg==
  dependencies:
    nanoid "^3.1.30"
    picocolors "^1.0.0"
    source-map-js "^1.0.1"

preact@^10.0.0:
  version "10.6.5"
  resolved "https://registry.yarnpkg.com/preact/-/preact-10.6.5.tgz#726d8bd12903a0d51cdd17e2e1b90cc539403e0c"
  integrity sha512-i+LXM6JiVjQXSt2jG2vZZFapGpCuk1fl8o6ii3G84MA3xgj686FKjs4JFDkmUVhtxyq21+4ay74zqPykz9hU6w==

prismjs@^1.25.0:
  version "1.26.0"
  resolved "https://registry.yarnpkg.com/prismjs/-/prismjs-1.26.0.tgz#16881b594828bb6b45296083a8cbab46b0accd47"
  integrity sha512-HUoH9C5Z3jKkl3UunCyiD5jwk0+Hz0fIgQ2nbwU2Oo/ceuTAQAg+pPVnfdt2TJWRVLcxKh9iuoYDUSc8clb5UQ==

resolve@^1.20.0:
  version "1.22.0"
  resolved "https://registry.yarnpkg.com/resolve/-/resolve-1.22.0.tgz#5e0b8c67c15df57a89bdbabe603a002f21731198"
  integrity sha512-Hhtrw0nLeSrFQ7phPp4OOcVjLPIeMnRlr5mcnVuMe7M/7eBn98A3hmFRLoFo3DLZkivSYwhRUJTyPyWAk56WLw==
  dependencies:
    is-core-module "^2.8.1"
    path-parse "^1.0.7"
    supports-preserve-symlinks-flag "^1.0.0"

rollup@^2.59.0:
  version "2.66.1"
  resolved "https://registry.yarnpkg.com/rollup/-/rollup-2.66.1.tgz#366b0404de353c4331d538c3ad2963934fcb4937"
  integrity sha512-crSgLhSkLMnKr4s9iZ/1qJCplgAgrRY+igWv8KhG/AjKOJ0YX/WpmANyn8oxrw+zenF3BXWDLa7Xl/QZISH+7w==
  optionalDependencies:
    fsevents "~2.3.2"

shiki@^0.9.15:
  version "0.9.15"
  resolved "https://registry.yarnpkg.com/shiki/-/shiki-0.9.15.tgz#2481b46155364f236651319d2c18e329ead6fa44"
  integrity sha512-/Y0z9IzhJ8nD9nbceORCqu6NgT9X6I8Fk8c3SICHI5NbZRLdZYFaB233gwct9sU0vvSypyaL/qaKvzyQGJBZSw==
  dependencies:
    jsonc-parser "^3.0.0"
    vscode-oniguruma "^1.6.1"
    vscode-textmate "5.2.0"

source-map-js@^1.0.1:
  version "1.0.2"
  resolved "https://registry.yarnpkg.com/source-map-js/-/source-map-js-1.0.2.tgz#adbc361d9c62df380125e7f161f71c826f1e490c"
  integrity sha512-R0XvVJ9WusLiqTCEiGCmICCMplcCkIwwR11mOSD9CR5u+IXYdiseeEuXCVAjS54zqwkLcPNnmU4OeJ6tUrWhDw==

source-map@^0.6.1:
  version "0.6.1"
  resolved "https://registry.yarnpkg.com/source-map/-/source-map-0.6.1.tgz#74722af32e9614e9c287a8d0bbde48b5e2f1a263"
  integrity sha512-UjgapumWlbMhkBgzT7Ykc5YXUT46F0iKu8SGXq0bcwP5dz/h0Plj6enJqjz1Zbq2l5WaqYnrVbwWOWMyF3F47g==

sourcemap-codec@^1.4.4:
  version "1.4.8"
  resolved "https://registry.yarnpkg.com/sourcemap-codec/-/sourcemap-codec-1.4.8.tgz#ea804bd94857402e6992d05a38ef1ae35a9ab4c4"
  integrity sha512-9NykojV5Uih4lgo5So5dtw+f0JgJX30KCNI8gwhz2J9A15wD0Ml6tjHKwf6fTSa6fAdVBdZeNOs9eJ71qCk8vA==

supports-preserve-symlinks-flag@^1.0.0:
  version "1.0.0"
  resolved "https://registry.yarnpkg.com/supports-preserve-symlinks-flag/-/supports-preserve-symlinks-flag-1.0.0.tgz#6eda4bd344a3c94aea376d4cc31bc77311039e09"
  integrity sha512-ot0WnXS9fgdkgIcePe6RHNk1WA8+muPa6cSjeR3V8K27q9BB1rTE3R1p7Hv0z1ZyAc8s6Vvv8DIyWf681MAt0w==

vite@^2.7.12:
  version "2.7.13"
  resolved "https://registry.yarnpkg.com/vite/-/vite-2.7.13.tgz#99b56e27dfb1e4399e407cf94648f5c7fb9d77f5"
  integrity sha512-Mq8et7f3aK0SgSxjDNfOAimZGW9XryfHRa/uV0jseQSilg+KhYDSoNb9h1rknOy6SuMkvNDLKCYAYYUMCE+IgQ==
  dependencies:
    esbuild "^0.13.12"
    postcss "^8.4.5"
    resolve "^1.20.0"
    rollup "^2.59.0"
  optionalDependencies:
    fsevents "~2.3.2"

vitepress@^0.21.6:
  version "0.21.6"
  resolved "https://registry.yarnpkg.com/vitepress/-/vitepress-0.21.6.tgz#aa9e7a597efad607a08a79a020417771bec081c7"
  integrity sha512-OzwD2cTfvoK5VKV0UWSqu4XvUOz4vWFJ4Bdi0z8GoVkTFXkfmbFawEDVXAZwzu0Hn4/VLopgmEyooc91iGKFlg==
  dependencies:
    "@docsearch/css" "^3.0.0-alpha.41"
    "@docsearch/js" "^3.0.0-alpha.41"
    "@vitejs/plugin-vue" "^2.0.0"
    prismjs "^1.25.0"
    vite "^2.7.12"
    vue "^3.2.27"

vscode-oniguruma@^1.6.1:
  version "1.6.2"
  resolved "https://registry.yarnpkg.com/vscode-oniguruma/-/vscode-oniguruma-1.6.2.tgz#aeb9771a2f1dbfc9083c8a7fdd9cccaa3f386607"
  integrity sha512-KH8+KKov5eS/9WhofZR8M8dMHWN2gTxjMsG4jd04YhpbPR91fUj7rYQ2/XjeHCJWbg7X++ApRIU9NUwM2vTvLA==

vscode-textmate@5.2.0:
  version "5.2.0"
  resolved "https://registry.yarnpkg.com/vscode-textmate/-/vscode-textmate-5.2.0.tgz#01f01760a391e8222fe4f33fbccbd1ad71aed74e"
  integrity sha512-Uw5ooOQxRASHgu6C7GVvUxisKXfSgW4oFlO+aa+PAkgmH89O3CXxEEzNRNtHSqtXFTl0nAC1uYj0GMSH27uwtQ==

vue-demi@*:
  version "0.12.1"
  resolved "https://registry.yarnpkg.com/vue-demi/-/vue-demi-0.12.1.tgz#f7e18efbecffd11ab069d1472d7a06e319b4174c"
  integrity sha512-QL3ny+wX8c6Xm1/EZylbgzdoDolye+VpCXRhI2hug9dJTP3OUJ3lmiKN3CsVV3mOJKwFi0nsstbgob0vG7aoIw==

vue@^3.2.27:
  version "3.2.29"
  resolved "https://registry.yarnpkg.com/vue/-/vue-3.2.29.tgz#3571b65dbd796d3a6347e2fd45a8e6e11c13d56a"
  integrity sha512-cFIwr7LkbtCRanjNvh6r7wp2yUxfxeM2yPpDQpAfaaLIGZSrUmLbNiSze9nhBJt5MrZ68Iqt0O5scwAMEVxF+Q==
  dependencies:
    "@vue/compiler-dom" "3.2.29"
    "@vue/compiler-sfc" "3.2.29"
    "@vue/runtime-dom" "3.2.29"
    "@vue/server-renderer" "3.2.29"
    "@vue/shared" "3.2.29"

wrappy@1:
  version "1.0.2"
  resolved "https://registry.yarnpkg.com/wrappy/-/wrappy-1.0.2.tgz#b5243d8f3ec1aa35f1364605bc0d1036e30ab69f"
  integrity sha1-tSQ9jz7BqjXxNkYFvA0QNuMKtp8=
